
Microsoft Visual Studio Solution File, Format Version 11.00
# Visual Studio 2010
Project("{FAE04EC0-301F-11D3-BF4B-00C04F79EFBC}") = "fps.Gameplay", "fps.Gameplay.csproj", "{728EFB20-5E82-C59E-5A34-9211B27BF439}"
EndProject
Project("{FAE04EC0-301F-11D3-BF4B-00C04F79EFBC}") = "fps.UI", "fps.UI.csproj", "{73AC860B-E43B-4FDF-0BAF-809020F23C44}"
EndProject
Project("{FAE04EC0-301F-11D3-BF4B-00C04F79EFBC}") = "fps.Game", "fps.Game.csproj", "{2947F0B4-7B0A-C181-9FB7-49D425A4A56B}"
EndProject
Project("{FAE04EC0-301F-11D3-BF4B-00C04F79EFBC}") = "Unity.FPS.Tutorials", "Unity.FPS.Tutorials.csproj", "{7F415FDE-B256-C371-9049-8D24193E348C}"
EndProject
Project("{FAE04EC0-301F-11D3-BF4B-00C04F79EFBC}") = "NavMeshComponents", "NavMeshComponents.csproj", "{CC9C140E-6A0A-114E-461A-02A2A29366A1}"
EndProject
Project("{FAE04EC0-301F-11D3-BF4B-00C04F79EFBC}") = "fps.AI", "fps.AI.csproj", "{FC5855BA-6325-C9FC-3B1A-98717409831A}"
EndProject
Project("{FAE04EC0-301F-11D3-BF4B-00C04F79EFBC}") = "Assembly-CSharp", "Assembly-CSharp.csproj", "{EE1CE704-7100-3B0E-417F-39EBAEE0ABD6}"
EndProject
Project("{FAE04EC0-301F-11D3-BF4B-00C04F79EFBC}") = "NavMeshComponentsEditor", "NavMeshComponentsEditor.csproj", "{30421F32-B3B2-872A-E5AB-58E1F0B0EC0D}"
EndProject
Project("{FAE04EC0-301F-11D3-BF4B-00C04F79EFBC}") = "Unity.Microgame.Tutorials", "Unity.Microgame.Tutorials.csproj", "{65E4723A-3D1A-DD00-AC34-0F932CCDBFD3}"
EndProject
Project("{FAE04EC0-301F-11D3-BF4B-00C04F79EFBC}") = "fps.Editor", "fps.Editor.csproj", "{4F745E98-BE86-4E02-6DDD-AB4804BDA3C9}"
EndProject
Global
	GlobalSection(SolutionConfigurationPlatforms) = preSolution
		Debug|Any CPU = Debug|Any CPU
		Release|Any CPU = Release|Any CPU
	EndGlobalSection
	GlobalSection(ProjectConfigurationPlatforms) = postSolution
		{728EFB20-5E82-C59E-5A34-9211B27BF439}.Debug|Any CPU.ActiveCfg = Debug|Any CPU
		{728EFB20-5E82-C59E-5A34-9211B27BF439}.Debug|Any CPU.Build.0 = Debug|Any CPU
		{728EFB20-5E82-C59E-5A34-9211B27BF439}.Release|Any CPU.ActiveCfg = Release|Any CPU
		{728EFB20-5E82-C59E-5A34-9211B27BF439}.Release|Any CPU.Build.0 = Release|Any CPU
		{73AC860B-E43B-4FDF-0BAF-809020F23C44}.Debug|Any CPU.ActiveCfg = Debug|Any CPU
		{73AC860B-E43B-4FDF-0BAF-809020F23C44}.Debug|Any CPU.Build.0 = Debug|Any CPU
		{73AC860B-E43B-4FDF-0BAF-809020F23C44}.Release|Any CPU.ActiveCfg = Release|Any CPU
		{73AC860B-E43B-4FDF-0BAF-809020F23C44}.Release|Any CPU.Build.0 = Release|Any CPU
		{2947F0B4-7B0A-C181-9FB7-49D425A4A56B}.Debug|Any CPU.ActiveCfg = Debug|Any CPU
		{2947F0B4-7B0A-C181-9FB7-49D425A4A56B}.Debug|Any CPU.Build.0 = Debug|Any CPU
		{2947F0B4-7B0A-C181-9FB7-49D425A4A56B}.Release|Any CPU.ActiveCfg = Release|Any CPU
		{2947F0B4-7B0A-C181-9FB7-49D425A4A56B}.Release|Any CPU.Build.0 = Release|Any CPU
		{7F415FDE-B256-C371-9049-8D24193E348C}.Debug|Any CPU.ActiveCfg = Debug|Any CPU
		{7F415FDE-B256-C371-9049-8D24193E348C}.Debug|Any CPU.Build.0 = Debug|Any CPU
		{7F415FDE-B256-C371-9049-8D24193E348C}.Release|Any CPU.ActiveCfg = Release|Any CPU
		{7F415FDE-B256-C371-9049-8D24193E348C}.Release|Any CPU.Build.0 = Release|Any CPU
		{CC9C140E-6A0A-114E-461A-02A2A29366A1}.Debug|Any CPU.ActiveCfg = Debug|Any CPU
		{CC9C140E-6A0A-114E-461A-02A2A29366A1}.Debug|Any CPU.Build.0 = Debug|Any CPU
		{CC9C140E-6A0A-114E-461A-02A2A29366A1}.Release|Any CPU.ActiveCfg = Release|Any CPU
		{CC9C140E-6A0A-114E-461A-02A2A29366A1}.Release|Any CPU.Build.0 = Release|Any CPU
		{FC5855BA-6325-C9FC-3B1A-98717409831A}.Debug|Any CPU.ActiveCfg = Debug|Any CPU
		{FC5855BA-6325-C9FC-3B1A-98717409831A}.Debug|Any CPU.Build.0 = Debug|Any CPU
		{FC5855BA-6325-C9FC-3B1A-98717409831A}.Release|Any CPU.ActiveCfg = Release|Any CPU
		{FC5855BA-6325-C9FC-3B1A-98717409831A}.Release|Any CPU.Build.0 = Release|Any CPU
		{EE1CE704-7100-3B0E-417F-39EBAEE0ABD6}.Debug|Any CPU.ActiveCfg = Debug|Any CPU
		{EE1CE704-7100-3B0E-417F-39EBAEE0ABD6}.Debug|Any CPU.Build.0 = Debug|Any CPU
		{EE1CE704-7100-3B0E-417F-39EBAEE0ABD6}.Release|Any CPU.ActiveCfg = Release|Any CPU
		{EE1CE704-7100-3B0E-417F-39EBAEE0ABD6}.Release|Any CPU.Build.0 = Release|Any CPU
		{30421F32-B3B2-872A-E5AB-58E1F0B0EC0D}.Debug|Any CPU.ActiveCfg = Debug|Any CPU
		{30421F32-B3B2-872A-E5AB-58E1F0B0EC0D}.Debug|Any CPU.Build.0 = Debug|Any CPU
		{30421F32-B3B2-872A-E5AB-58E1F0B0EC0D}.Release|Any CPU.ActiveCfg = Release|Any CPU
		{30421F32-B3B2-872A-E5AB-58E1F0B0EC0D}.Release|Any CPU.Build.0 = Release|Any CPU
		{65E4723A-3D1A-DD00-AC34-0F932CCDBFD3}.Debug|Any CPU.ActiveCfg = Debug|Any CPU
		{65E4723A-3D1A-DD00-AC34-0F932CCDBFD3}.Debug|Any CPU.Build.0 = Debug|Any CPU
		{65E4723A-3D1A-DD00-AC34-0F932CCDBFD3}.Release|Any CPU.ActiveCfg = Release|Any CPU
		{65E4723A-3D1A-DD00-AC34-0F932CCDBFD3}.Release|Any CPU.Build.0 = Release|Any CPU
		{4F745E98-BE86-4E02-6DDD-AB4804BDA3C9}.Debug|Any CPU.ActiveCfg = Debug|Any CPU
		{4F745E98-BE86-4E02-6DDD-AB4804BDA3C9}.Debug|Any CPU.Build.0 = Debug|Any CPU
		{4F745E98-BE86-4E02-6DDD-AB4804BDA3C9}.Release|Any CPU.ActiveCfg = Release|Any CPU
		{4F745E98-BE86-4E02-6DDD-AB4804BDA3C9}.Release|Any CPU.Build.0 = Release|Any CPU
	EndGlobalSection
	GlobalSection(SolutionProperties) = preSolution
		HideSolutionNode = FALSE
	EndGlobalSection
EndGlobal
